
Microsoft Visual Studio Solution File, Format Version 12.00
# Visual Studio Version 17
VisualStudioVersion = 17.5.002.0
MinimumVisualStudioVersion = 10.0.40219.1
Project("{9A19103F-16F7-4668-BE54-9A1E7A4F7556}") = "AMST4_Herança", "AMST4_Herança.csproj", "{B77B06E3-EA49-4186-A885-E0114133FA8A}"
EndProject
Global
	GlobalSection(SolutionConfigurationPlatforms) = preSolution
		Debug|Any CPU = Debug|Any CPU
		Release|Any CPU = Release|Any CPU
	EndGlobalSection
	GlobalSection(ProjectConfigurationPlatforms) = postSolution
		{B77B06E3-EA49-4186-A885-E0114133FA8A}.Debug|Any CPU.ActiveCfg = Debug|Any CPU
		{B77B06E3-EA49-4186-A885-E0114133FA8A}.Debug|Any CPU.Build.0 = Debug|Any CPU
		{B77B06E3-EA49-4186-A885-E0114133FA8A}.Release|Any CPU.ActiveCfg = Release|Any CPU
		{B77B06E3-EA49-4186-A885-E0114133FA8A}.Release|Any CPU.Build.0 = Release|Any CPU
	EndGlobalSection
	GlobalSection(SolutionProperties) = preSolution
		HideSolutionNode = FALSE
	EndGlobalSection
	GlobalSection(ExtensibilityGlobals) = postSolution
		SolutionGuid = {60DFD3E3-AFCB-4C67-8733-1AFA04B8F1A3}
	EndGlobalSection
EndGlobal
